
Microsoft Visual Studio Solution File, Format Version 12.00
# Visual Studio Version 17
VisualStudioVersion = 17.5.33530.505
MinimumVisualStudioVersion = 10.0.40219.1
Project("{FAE04EC0-301F-11D3-BF4B-00C04F79EFBC}") = "Produse Magazin", "Produse Magazin\Produse Magazin.csproj", "{62AF635D-65E3-41C3-9F21-A7014994519F}"
EndProject
Global
	GlobalSection(SolutionConfigurationPlatforms) = preSolution
		Debug|Any CPU = Debug|Any CPU
		Release|Any CPU = Release|Any CPU
	EndGlobalSection
	GlobalSection(ProjectConfigurationPlatforms) = postSolution
		{62AF635D-65E3-41C3-9F21-A7014994519F}.Debug|Any CPU.ActiveCfg = Debug|Any CPU
		{62AF635D-65E3-41C3-9F21-A7014994519F}.Debug|Any CPU.Build.0 = Debug|Any CPU
		{62AF635D-65E3-41C3-9F21-A7014994519F}.Release|Any CPU.ActiveCfg = Release|Any CPU
		{62AF635D-65E3-41C3-9F21-A7014994519F}.Release|Any CPU.Build.0 = Release|Any CPU
	EndGlobalSection
	GlobalSection(SolutionProperties) = preSolution
		HideSolutionNode = FALSE
	EndGlobalSection
	GlobalSection(ExtensibilityGlobals) = postSolution
		SolutionGuid = {E62BBCE6-F99E-4514-A5D8-C7813E7CDB67}
	EndGlobalSection
EndGlobal
